{
  "name": "net.i-dev.betterlogic",
  "version": "1.4.11",
  "lockfileVersion": 1,
  "requires": true,
  "dependencies": {
    "@tsconfig/node12": {
      "version": "1.0.11",
      "resolved": "https://registry.npmjs.org/@tsconfig/node12/-/node12-1.0.11.tgz",
      "integrity": "sha512-cqefuRsh12pWyGsIoBKJA9luFu3mRxCA+ORZvA4ktLSzIuCUtWVxGIuXigEwO5/ywWFMZ2QEGKWvkZG1zDMTag==",
      "dev": true
    },
    "@types/homey": {
      "version": "npm:homey-apps-sdk-v3-types@0.3.1",
      "resolved": "https://registry.npmjs.org/homey-apps-sdk-v3-types/-/homey-apps-sdk-v3-types-0.3.1.tgz",
      "integrity": "sha512-4W4YW/ib4hK7zC6vQT1ryfySJ2GOuite7cKmYRZ4BuGgwYweIOMwZLTJ+iZBWy11Ni/Pl3Tnp/pQD+qJJCcdyg==",
      "dev": true,
      "requires": {
        "@types/node": "^14.14.20"
      },
      "dependencies": {
        "@types/node": {
          "version": "14.18.33",
          "resolved": "https://registry.npmjs.org/@types/node/-/node-14.18.33.tgz",
          "integrity": "sha512-qelS/Ra6sacc4loe/3MSjXNL1dNQ/GjxNHVzuChwMfmk7HuycRLVQN2qNY3XahK+fZc5E2szqQSKUyAF0E+2bg==",
          "dev": true
        }
      }
    },
    "@types/node": {
      "version": "18.11.9",
      "resolved": "https://registry.npmjs.org/@types/node/-/node-18.11.9.tgz",
      "integrity": "sha512-CRpX21/kGdzjOpFsZSkcrXMGIBWMGNIHXXBVFSH+ggkftxg+XYP20TESbh+zFvFj3EQOl5byk0HTRn1IL6hbqg==",
      "dev": true
    },
    "betterlogiclibrary": {
      "version": "0.9.17",
      "resolved": "https://registry.npmjs.org/betterlogiclibrary/-/betterlogiclibrary-0.9.17.tgz",
      "integrity": "sha512-pH/WJybDvQLKx4I/HkUzxy047HRuAl6bWURV0Br8TXc9NZZ6CuihdqzQF4Is/LW8Rq9bkkAUadgQq3S+d6AaRw=="
    },
    "iso639-codes": {
      "version": "1.0.1",
      "resolved": "https://registry.npmjs.org/iso639-codes/-/iso639-codes-1.0.1.tgz",
      "integrity": "sha512-jdTSv8yn6D7GODDrRtuWG7y3du3aoa+ki5H8h/Y48/NleNAd7Fw/M2niTTLXGH4QnqhJ98hg1JMQtP9csQ31Lg=="
    },
    "langs": {
      "version": "2.0.0",
      "resolved": "https://registry.npmjs.org/langs/-/langs-2.0.0.tgz",
      "integrity": "sha512-v4pxOBEQVN1WBTfB1crhTtxzNLZU9HPWgadlwzWKISJtt6Ku/CnpBrwVy+jFv8StjxsPfwPFzO0CMwdZLJ0/BA=="
    },
    "locale-codes": {
      "version": "1.3.1",
      "resolved": "https://registry.npmjs.org/locale-codes/-/locale-codes-1.3.1.tgz",
      "integrity": "sha512-C7fxGkU4jAuHqavtKj4IhSD2yPEzChFMRfNHjzwIAz9JTbYHtBJDcQQgmJDezBogk9/vvgS7chKMhpVEKavk5A==",
      "requires": {
        "iso639-codes": "^1.0.1",
        "langs": "^2.0.0",
        "windows-locale": "^1.1.0"
      }
    },
    "sanitize-filename": {
      "version": "1.6.3",
      "resolved": "https://registry.npmjs.org/sanitize-filename/-/sanitize-filename-1.6.3.tgz",
      "integrity": "sha512-y/52Mcy7aw3gRm7IrcGDFx/bCk4AhRh2eI9luHOQM86nZsqwiRkkq2GekHXBBD+SmPidc8i2PqtYZl+pWJ8Oeg==",
      "requires": {
        "truncate-utf8-bytes": "^1.0.0"
      }
    },
    "truncate-utf8-bytes": {
      "version": "1.0.2",
      "resolved": "https://registry.npmjs.org/truncate-utf8-bytes/-/truncate-utf8-bytes-1.0.2.tgz",
      "integrity": "sha512-95Pu1QXQvruGEhv62XCMO3Mm90GscOCClvrIUwCM0PYOXK3kaF3l3sIHxx71ThJfcbM2O5Au6SO3AWCSEfW4mQ==",
      "requires": {
        "utf8-byte-length": "^1.0.1"
      }
    },
    "utf8-byte-length": {
      "version": "1.0.4",
      "resolved": "https://registry.npmjs.org/utf8-byte-length/-/utf8-byte-length-1.0.4.tgz",
      "integrity": "sha512-4+wkEYLBbWxqTahEsWrhxepcoVOJ+1z5PGIjPZxRkytcdSUaNjIjBM7Xn8E+pdSuV7SzvWovBFA54FO0JSoqhA=="
    },
    "windows-locale": {
      "version": "1.1.3",
      "resolved": "https://registry.npmjs.org/windows-locale/-/windows-locale-1.1.3.tgz",
      "integrity": "sha512-0OlMOPNGj7GTB6C7WmqS3o4eydjnoYj0uwot2KJf7E0JUucwYwzkcvCWQwnuOV60WqDMeGJpSankgveNMj5r0g=="
    }
  }
}
